
Microsoft Visual Studio Solution File, Format Version 12.00
# Visual Studio Version 16
VisualStudioVersion = 16.0.29123.88
MinimumVisualStudioVersion = 10.0.40219.1
Project("{FAE04EC0-301F-11D3-BF4B-00C04F79EFBC}") = "Modas", "Modas\Modas.csproj", "{09334039-DFF1-4E0C-A665-36DE4E8ECE67}"
EndProject
Global
	GlobalSection(SolutionConfigurationPlatforms) = preSolution
		Debug|Any CPU = Debug|Any CPU
		Release|Any CPU = Release|Any CPU
	EndGlobalSection
	GlobalSection(ProjectConfigurationPlatforms) = postSolution
		{09334039-DFF1-4E0C-A665-36DE4E8ECE67}.Debug|Any CPU.ActiveCfg = Debug|Any CPU
		{09334039-DFF1-4E0C-A665-36DE4E8ECE67}.Debug|Any CPU.Build.0 = Debug|Any CPU
		{09334039-DFF1-4E0C-A665-36DE4E8ECE67}.Release|Any CPU.ActiveCfg = Release|Any CPU
		{09334039-DFF1-4E0C-A665-36DE4E8ECE67}.Release|Any CPU.Build.0 = Release|Any CPU
	EndGlobalSection
	GlobalSection(SolutionProperties) = preSolution
		HideSolutionNode = FALSE
	EndGlobalSection
	GlobalSection(ExtensibilityGlobals) = postSolution
		SolutionGuid = {A8DDCF4A-29A4-45B2-800A-4EAB47DDB2D3}
	EndGlobalSection
EndGlobal
